
Microsoft Visual Studio Solution File, Format Version 12.00
# Visual Studio 15
Project("{FAE04EC0-301F-11D3-BF4B-00C04F79EFBC}") = "ExpandableLayout.Android", "ExpandableLayout.Android\ExpandableLayout.Android.csproj", "{F37E978C-0EF4-4DC9-B053-E53D91FC6522}"
EndProject
Project("{FAE04EC0-301F-11D3-BF4B-00C04F79EFBC}") = "ExpandableLayout.iOS", "ExpandableLayout.iOS\ExpandableLayout.iOS.csproj", "{5D2036D1-E384-4A8F-B609-8CDE73C54B53}"
EndProject
Project("{FAE04EC0-301F-11D3-BF4B-00C04F79EFBC}") = "ExpandableLayout", "ExpandableLayout\ExpandableLayout.csproj", "{E545FAAD-40B2-42F8-AF65-A4355891BDEF}"
EndProject
Project("{2150E333-8FDC-42A3-9474-1A3956D46DE8}") = "Docs", "Docs", "{E52D73EA-FF3B-4B42-8182-2F6FD5524182}"
EndProject
Global
	GlobalSection(SolutionConfigurationPlatforms) = preSolution
		Debug|Any CPU = Debug|Any CPU
		Release|Any CPU = Release|Any CPU
		Debug|iPhoneSimulator = Debug|iPhoneSimulator
		Release|iPhoneSimulator = Release|iPhoneSimulator
		Debug|iPhone = Debug|iPhone
		Release|iPhone = Release|iPhone
	EndGlobalSection
	GlobalSection(ProjectConfigurationPlatforms) = postSolution
		{F37E978C-0EF4-4DC9-B053-E53D91FC6522}.Debug|Any CPU.ActiveCfg = Debug|Any CPU
		{F37E978C-0EF4-4DC9-B053-E53D91FC6522}.Debug|Any CPU.Build.0 = Debug|Any CPU
		{F37E978C-0EF4-4DC9-B053-E53D91FC6522}.Release|Any CPU.ActiveCfg = Release|Any CPU
		{F37E978C-0EF4-4DC9-B053-E53D91FC6522}.Release|Any CPU.Build.0 = Release|Any CPU
		{F37E978C-0EF4-4DC9-B053-E53D91FC6522}.Debug|iPhoneSimulator.ActiveCfg = Debug|Any CPU
		{F37E978C-0EF4-4DC9-B053-E53D91FC6522}.Debug|iPhoneSimulator.Build.0 = Debug|Any CPU
		{F37E978C-0EF4-4DC9-B053-E53D91FC6522}.Release|iPhoneSimulator.ActiveCfg = Release|Any CPU
		{F37E978C-0EF4-4DC9-B053-E53D91FC6522}.Release|iPhoneSimulator.Build.0 = Release|Any CPU
		{F37E978C-0EF4-4DC9-B053-E53D91FC6522}.Debug|iPhone.ActiveCfg = Debug|Any CPU
		{F37E978C-0EF4-4DC9-B053-E53D91FC6522}.Debug|iPhone.Build.0 = Debug|Any CPU
		{F37E978C-0EF4-4DC9-B053-E53D91FC6522}.Release|iPhone.ActiveCfg = Release|Any CPU
		{F37E978C-0EF4-4DC9-B053-E53D91FC6522}.Release|iPhone.Build.0 = Release|Any CPU
		{5D2036D1-E384-4A8F-B609-8CDE73C54B53}.Debug|Any CPU.ActiveCfg = Debug|iPhoneSimulator
		{5D2036D1-E384-4A8F-B609-8CDE73C54B53}.Debug|Any CPU.Build.0 = Debug|iPhoneSimulator
		{5D2036D1-E384-4A8F-B609-8CDE73C54B53}.Release|Any CPU.ActiveCfg = Release|iPhoneSimulator
		{5D2036D1-E384-4A8F-B609-8CDE73C54B53}.Release|Any CPU.Build.0 = Release|iPhoneSimulator
		{5D2036D1-E384-4A8F-B609-8CDE73C54B53}.Debug|iPhoneSimulator.ActiveCfg = Debug|iPhoneSimulator
		{5D2036D1-E384-4A8F-B609-8CDE73C54B53}.Debug|iPhoneSimulator.Build.0 = Debug|iPhoneSimulator
		{5D2036D1-E384-4A8F-B609-8CDE73C54B53}.Release|iPhoneSimulator.ActiveCfg = Release|iPhoneSimulator
		{5D2036D1-E384-4A8F-B609-8CDE73C54B53}.Release|iPhoneSimulator.Build.0 = Release|iPhoneSimulator
		{5D2036D1-E384-4A8F-B609-8CDE73C54B53}.Debug|iPhone.ActiveCfg = Debug|iPhone
		{5D2036D1-E384-4A8F-B609-8CDE73C54B53}.Debug|iPhone.Build.0 = Debug|iPhone
		{5D2036D1-E384-4A8F-B609-8CDE73C54B53}.Release|iPhone.ActiveCfg = Release|iPhone
		{5D2036D1-E384-4A8F-B609-8CDE73C54B53}.Release|iPhone.Build.0 = Release|iPhone
		{E545FAAD-40B2-42F8-AF65-A4355891BDEF}.Debug|Any CPU.ActiveCfg = Debug|Any CPU
		{E545FAAD-40B2-42F8-AF65-A4355891BDEF}.Debug|Any CPU.Build.0 = Debug|Any CPU
		{E545FAAD-40B2-42F8-AF65-A4355891BDEF}.Release|Any CPU.ActiveCfg = Release|Any CPU
		{E545FAAD-40B2-42F8-AF65-A4355891BDEF}.Release|Any CPU.Build.0 = Release|Any CPU
		{E545FAAD-40B2-42F8-AF65-A4355891BDEF}.Debug|iPhoneSimulator.ActiveCfg = Debug|Any CPU
		{E545FAAD-40B2-42F8-AF65-A4355891BDEF}.Debug|iPhoneSimulator.Build.0 = Debug|Any CPU
		{E545FAAD-40B2-42F8-AF65-A4355891BDEF}.Release|iPhoneSimulator.ActiveCfg = Release|Any CPU
		{E545FAAD-40B2-42F8-AF65-A4355891BDEF}.Release|iPhoneSimulator.Build.0 = Release|Any CPU
		{E545FAAD-40B2-42F8-AF65-A4355891BDEF}.Debug|iPhone.ActiveCfg = Debug|Any CPU
		{E545FAAD-40B2-42F8-AF65-A4355891BDEF}.Debug|iPhone.Build.0 = Debug|Any CPU
		{E545FAAD-40B2-42F8-AF65-A4355891BDEF}.Release|iPhone.ActiveCfg = Release|Any CPU
		{E545FAAD-40B2-42F8-AF65-A4355891BDEF}.Release|iPhone.Build.0 = Release|Any CPU
	EndGlobalSection
EndGlobal
